// !$*UTF8*$!
{
	archiveVersion = 1;
	classes = {
	};
	objectVersion = 46;
	objects = {

/* Begin PBXBuildFile section */
		2B32AEC8E0147FF31DF82025 /* Pods_ZJFPhotoBrowser.framework in Frameworks */ = {isa = PBXBuildFile; fileRef = F87AE74BD9D247CB4D38BEB4 /* Pods_ZJFPhotoBrowser.framework */; };
		5A7AB3221DB8A9AE00A72399 /* main.m in Sources */ = {isa = PBXBuildFile; fileRef = 5A7AB3211DB8A9AE00A72399 /* main.m */; };
		5A7AB3251DB8A9AE00A72399 /* AppDelegate.m in Sources */ = {isa = PBXBuildFile; fileRef = 5A7AB3241DB8A9AE00A72399 /* AppDelegate.m */; };
		5A7AB3281DB8A9AE00A72399 /* ViewController.m in Sources */ = {isa = PBXBuildFile; fileRef = 5A7AB3271DB8A9AE00A72399 /* ViewController.m */; };
		5A7AB32B1DB8A9AE00A72399 /* Main.storyboard in Resources */ = {isa = PBXBuildFile; fileRef = 5A7AB3291DB8A9AE00A72399 /* Main.storyboard */; };
		5A7AB32D1DB8A9AE00A72399 /* Assets.xcassets in Resources */ = {isa = PBXBuildFile; fileRef = 5A7AB32C1DB8A9AE00A72399 /* Assets.xcassets */; };
		5A7AB3301DB8A9AE00A72399 /* LaunchScreen.storyboard in Resources */ = {isa = PBXBuildFile; fileRef = 5A7AB32E1DB8A9AE00A72399 /* LaunchScreen.storyboard */; };
		5A7AB3391DB8A9F400A72399 /* ZJFPhotoBrowserCollectionViewCell.m in Sources */ = {isa = PBXBuildFile; fileRef = 5A7AB3381DB8A9F400A72399 /* ZJFPhotoBrowserCollectionViewCell.m */; };
		5A7AB33C1DB8AA2600A72399 /* ZJFPhotoBrowserZoomScrollView.m in Sources */ = {isa = PBXBuildFile; fileRef = 5A7AB33B1DB8AA2600A72399 /* ZJFPhotoBrowserZoomScrollView.m */; };
/* End PBXBuildFile section */

/* Begin PBXFileReference section */
		5A7AB31D1DB8A9AE00A72399 /* ZJFPhotoBrowser.app */ = {isa = PBXFileReference; explicitFileType = wrapper.application; includeInIndex = 0; path = ZJFPhotoBrowser.app; sourceTree = BUILT_PRODUCTS_DIR; };
		5A7AB3211DB8A9AE00A72399 /* main.m */ = {isa = PBXFileReference; lastKnownFileType = sourcecode.c.objc; path = main.m; sourceTree = "<group>"; };
		5A7AB3231DB8A9AE00A72399 /* AppDelegate.h */ = {isa = PBXFileReference; lastKnownFileType = sourcecode.c.h; path = AppDelegate.h; sourceTree = "<group>"; };
		5A7AB3241DB8A9AE00A72399 /* AppDelegate.m */ = {isa = PBXFileReference; lastKnownFileType = sourcecode.c.objc; path = AppDelegate.m; sourceTree = "<group>"; };
		5A7AB3261DB8A9AE00A72399 /* ViewController.h */ = {isa = PBXFileReference; lastKnownFileType = sourcecode.c.h; path = ViewController.h; sourceTree = "<group>"; };
		5A7AB3271DB8A9AE00A72399 /* ViewController.m */ = {isa = PBXFileReference; lastKnownFileType = sourcecode.c.objc; path = ViewController.m; sourceTree = "<group>"; };
		5A7AB32A1DB8A9AE00A72399 /* Base */ = {isa = PBXFileReference; lastKnownFileType = file.storyboard; name = Base; path = Base.lproj/Main.storyboard; sourceTree = "<group>"; };
		5A7AB32C1DB8A9AE00A72399 /* Assets.xcassets */ = {isa = PBXFileReference; lastKnownFileType = folder.assetcatalog; path = Assets.xcassets; sourceTree = "<group>"; };
		5A7AB32F1DB8A9AE00A72399 /* Base */ = {isa = PBXFileReference; lastKnownFileType = file.storyboard; name = Base; path = Base.lproj/LaunchScreen.storyboard; sourceTree = "<group>"; };
		5A7AB3311DB8A9AE00A72399 /* Info.plist */ = {isa = PBXFileReference; lastKnownFileType = text.plist.xml; path = Info.plist; sourceTree = "<group>"; };
		5A7AB3371DB8A9F400A72399 /* ZJFPhotoBrowserCollectionViewCell.h */ = {isa = PBXFileReference; fileEncoding = 4; lastKnownFileType = sourcecode.c.h; path = ZJFPhotoBrowserCollectionViewCell.h; sourceTree = "<group>"; };
		5A7AB3381DB8A9F400A72399 /* ZJFPhotoBrowserCollectionViewCell.m */ = {isa = PBXFileReference; fileEncoding = 4; lastKnownFileType = sourcecode.c.objc; path = ZJFPhotoBrowserCollectionViewCell.m; sourceTree = "<group>"; };
		5A7AB33A1DB8AA2600A72399 /* ZJFPhotoBrowserZoomScrollView.h */ = {isa = PBXFileReference; fileEncoding = 4; lastKnownFileType = sourcecode.c.h; path = ZJFPhotoBrowserZoomScrollView.h; sourceTree = "<group>"; };
		5A7AB33B1DB8AA2600A72399 /* ZJFPhotoBrowserZoomScrollView.m */ = {isa = PBXFileReference; fileEncoding = 4; lastKnownFileType = sourcecode.c.objc; path = ZJFPhotoBrowserZoomScrollView.m; sourceTree = "<group>"; };
		AFD958208DD47544C15D7AAA /* Pods-ZJFPhotoBrowser.debug.xcconfig */ = {isa = PBXFileReference; includeInIndex = 1; lastKnownFileType = text.xcconfig; name = "Pods-ZJFPhotoBrowser.debug.xcconfig"; path = "Pods/Target Support Files/Pods-ZJFPhotoBrowser/Pods-ZJFPhotoBrowser.debug.xcconfig"; sourceTree = "<group>"; };
		F05C879A676DDA13BE01DC67 /* Pods-ZJFPhotoBrowser.release.xcconfig */ = {isa = PBXFileReference; includeInIndex = 1; lastKnownFileType = text.xcconfig; name = "Pods-ZJFPhotoBrowser.release.xcconfig"; path = "Pods/Target Support Files/Pods-ZJFPhotoBrowser/Pods-ZJFPhotoBrowser.release.xcconfig"; sourceTree = "<group>"; };
		F87AE74BD9D247CB4D38BEB4 /* Pods_ZJFPhotoBrowser.framework */ = {isa = PBXFileReference; explicitFileType = wrapper.framework; includeInIndex = 0; path = Pods_ZJFPhotoBrowser.framework; sourceTree = BUILT_PRODUCTS_DIR; };
/* End PBXFileReference section */

/* Begin PBXFrameworksBuildPhase section */
		5A7AB31A1DB8A9AE00A72399 /* Frameworks */ = {
			isa = PBXFrameworksBuildPhase;
			buildActionMask = 2147483647;
			files = (
				2B32AEC8E0147FF31DF82025 /* Pods_ZJFPhotoBrowser.framework in Frameworks */,
			);
			runOnlyForDeploymentPostprocessing = 0;
		};
/* End PBXFrameworksBuildPhase section */

/* Begin PBXGroup section */
		5669FA709B08DAAA6705C966 /* Pods */ = {
			isa = PBXGroup;
			children = (
				AFD958208DD47544C15D7AAA /* Pods-ZJFPhotoBrowser.debug.xcconfig */,
				F05C879A676DDA13BE01DC67 /* Pods-ZJFPhotoBrowser.release.xcconfig */,
			);
			name = Pods;
			sourceTree = "<group>";
		};
		56854D6C3CFDF6585217E315 /* Frameworks */ = {
			isa = PBXGroup;
			children = (
				F87AE74BD9D247CB4D38BEB4 /* Pods_ZJFPhotoBrowser.framework */,
			);
			name = Frameworks;
			sourceTree = "<group>";
		};
		5A7AB3141DB8A9AE00A72399 = {
			isa = PBXGroup;
			children = (
				5A7AB31F1DB8A9AE00A72399 /* ZJFPhotoBrowser */,
				5A7AB31E1DB8A9AE00A72399 /* Products */,
				5669FA709B08DAAA6705C966 /* Pods */,
				56854D6C3CFDF6585217E315 /* Frameworks */,
			);
			sourceTree = "<group>";
		};
		5A7AB31E1DB8A9AE00A72399 /* Products */ = {
			isa = PBXGroup;
			children = (
				5A7AB31D1DB8A9AE00A72399 /* ZJFPhotoBrowser.app */,
			);
			name = Products;
			sourceTree = "<group>";
		};
		5A7AB31F1DB8A9AE00A72399 /* ZJFPhotoBrowser */ = {
			isa = PBXGroup;
			children = (
				5A7AB3231DB8A9AE00A72399 /* AppDelegate.h */,
				5A7AB3241DB8A9AE00A72399 /* AppDelegate.m */,
				5A7AB3261DB8A9AE00A72399 /* ViewController.h */,
				5A7AB3271DB8A9AE00A72399 /* ViewController.m */,
				5A7AB3291DB8A9AE00A72399 /* Main.storyboard */,
				5A7AB32C1DB8A9AE00A72399 /* Assets.xcassets */,
				5A7AB32E1DB8A9AE00A72399 /* LaunchScreen.storyboard */,
				5A7AB3311DB8A9AE00A72399 /* Info.plist */,
				5A7AB3201DB8A9AE00A72399 /* Supporting Files */,
				5A7AB3371DB8A9F400A72399 /* ZJFPhotoBrowserCollectionViewCell.h */,
				5A7AB3381DB8A9F400A72399 /* ZJFPhotoBrowserCollectionViewCell.m */,
				5A7AB33A1DB8AA2600A72399 /* ZJFPhotoBrowserZoomScrollView.h */,
				5A7AB33B1DB8AA2600A72399 /* ZJFPhotoBrowserZoomScrollView.m */,
			);
			path = ZJFPhotoBrowser;
			sourceTree = "<group>";
		};
		5A7AB3201DB8A9AE00A72399 /* Supporting Files */ = {
			isa = PBXGroup;
			children = (
				5A7AB3211DB8A9AE00A72399 /* main.m */,
			);
			name = "Supporting Files";
			sourceTree = "<group>";
		};
/* End PBXGroup section */

/* Begin PBXNativeTarget section */
		5A7AB31C1DB8A9AE00A72399 /* ZJFPhotoBrowser */ = {
			isa = PBXNativeTarget;
			buildConfigurationList = 5A7AB3341DB8A9AE00A72399 /* Build configuration list for PBXNativeTarget "ZJFPhotoBrowser" */;
			buildPhases = (
				37DC07318AA5B6860ECD12B2 /* [CP] Check Pods Manifest.lock */,
				5A7AB3191DB8A9AE00A72399 /* Sources */,
				5A7AB31A1DB8A9AE00A72399 /* Frameworks */,
				5A7AB31B1DB8A9AE00A72399 /* Resources */,
				60EDD58E6F1EC5B1C777940A /* [CP] Embed Pods Frameworks */,
				98A52CCC3FED7F5CDC72B845 /* [CP] Copy Pods Resources */,
			);
			buildRules = (
			);
			dependencies = (
			);
			name = ZJFPhotoBrowser;
			productName = ZJFPhotoBrowser;
			productReference = 5A7AB31D1DB8A9AE00A72399 /* ZJFPhotoBrowser.app */;
			productType = "com.apple.product-type.application";
		};
/* End PBXNativeTarget section */

/* Begin PBXProject section */
		5A7AB3151DB8A9AE00A72399 /* Project object */ = {
			isa = PBXProject;
			attributes = {
				LastUpgradeCheck = 0800;
				ORGANIZATIONNAME = zoujianfeng;
				TargetAttributes = {
					5A7AB31C1DB8A9AE00A72399 = {
						CreatedOnToolsVersion = 8.0;
						ProvisioningStyle = Automatic;
					};
				};
			};
			buildConfigurationList = 5A7AB3181DB8A9AE00A72399 /* Build configuration list for PBXProject "ZJFPhotoBrowser" */;
			compatibilityVersion = "Xcode 3.2";
			developmentRegion = English;
			hasScannedForEncodings = 0;
			knownRegions = (
				en,
				Base,
			);
			mainGroup = 5A7AB3141DB8A9AE00A72399;
			productRefGroup = 5A7AB31E1DB8A9AE00A72399 /* Products */;
			projectDirPath = "";
			projectRoot = "";
			targets = (
				5A7AB31C1DB8A9AE00A72399 /* ZJFPhotoBrowser */,
			);
		};
/* End PBXProject section */

/* Begin PBXResourcesBuildPhase section */
		5A7AB31B1DB8A9AE00A72399 /* Resources */ = {
			isa = PBXResourcesBuildPhase;
			buildActionMask = 2147483647;
			files = (
				5A7AB3301DB8A9AE00A72399 /* LaunchScreen.storyboard in Resources */,
				5A7AB32D1DB8A9AE00A72399 /* Assets.xcassets in Resources */,
				5A7AB32B1DB8A9AE00A72399 /* Main.storyboard in Resources */,
			);
			runOnlyForDeploymentPostprocessing = 0;
		};
/* End PBXResourcesBuildPhase section */

/* Begin PBXShellScriptBuildPhase section */
		37DC07318AA5B6860ECD12B2 /* [CP] Check Pods Manifest.lock */ = {
			isa = PBXShellScriptBuildPhase;
			buildActionMask = 2147483647;
			files = (
			);
			inputPaths = (
			);
			name = "[CP] Check Pods Manifest.lock";
			outputPaths = (
			);
			runOnlyForDeploymentPostprocessing = 0;
			shellPath = /bin/sh;
			shellScript = "diff \"${PODS_ROOT}/../Podfile.lock\" \"${PODS_ROOT}/Manifest.lock\" > /dev/null\nif [[ $? != 0 ]] ; then\n    cat << EOM\nerror: The sandbox is not in sync with the Podfile.lock. Run 'pod install' or update your CocoaPods installation.\nEOM\n    exit 1\nfi\n";
			showEnvVarsInLog = 0;
		};
		60EDD58E6F1EC5B1C777940A /* [CP] Embed Pods Frameworks */ = {
			isa = PBXShellScriptBuildPhase;
			buildActionMask = 2147483647;
			files = (
			);
			inputPaths = (
			);
			name = "[CP] Embed Pods Frameworks";
			outputPaths = (
			);
			runOnlyForDeploymentPostprocessing = 0;
			shellPath = /bin/sh;
			shellScript = "\"${SRCROOT}/Pods/Target Support Files/Pods-ZJFPhotoBrowser/Pods-ZJFPhotoBrowser-frameworks.sh\"\n";
			showEnvVarsInLog = 0;
		};
		98A52CCC3FED7F5CDC72B845 /* [CP] Copy Pods Resources */ = {
			isa = PBXShellScriptBuildPhase;
			buildActionMask = 2147483647;
			files = (
			);
			inputPaths = (
			);
			name = "[CP] Copy Pods Resources";
			outputPaths = (
			);
			runOnlyForDeploymentPostprocessing = 0;
			shellPath = /bin/sh;
			shellScript = "\"${SRCROOT}/Pods/Target Support Files/Pods-ZJFPhotoBrowser/Pods-ZJFPhotoBrowser-resources.sh\"\n";
			showEnvVarsInLog = 0;
		};
/* End PBXShellScriptBuildPhase section */

/* Begin PBXSourcesBuildPhase section */
		5A7AB3191DB8A9AE00A72399 /* Sources */ = {
			isa = PBXSourcesBuildPhase;
			buildActionMask = 2147483647;
			files = (
				5A7AB3281DB8A9AE00A72399 /* ViewController.m in Sources */,
				5A7AB3391DB8A9F400A72399 /* ZJFPhotoBrowserCollectionViewCell.m in Sources */,
				5A7AB3251DB8A9AE00A72399 /* AppDelegate.m in Sources */,
				5A7AB3221DB8A9AE00A72399 /* main.m in Sources */,
				5A7AB33C1DB8AA2600A72399 /* ZJFPhotoBrowserZoomScrollView.m in Sources */,
			);
			runOnlyForDeploymentPostprocessing = 0;
		};
/* End PBXSourcesBuildPhase section */

/* Begin PBXVariantGroup section */
		5A7AB3291DB8A9AE00A72399 /* Main.storyboard */ = {
			isa = PBXVariantGroup;
			children = (
				5A7AB32A1DB8A9AE00A72399 /* Base */,
			);
			name = Main.storyboard;
			sourceTree = "<group>";
		};
		5A7AB32E1DB8A9AE00A72399 /* LaunchScreen.storyboard */ = {
			isa = PBXVariantGroup;
			children = (
				5A7AB32F1DB8A9AE00A72399 /* Base */,
			);
			name = LaunchScreen.storyboard;
			sourceTree = "<group>";
		};
/* End PBXVariantGroup section */

/* Begin XCBuildConfiguration section */
		5A7AB3321DB8A9AE00A72399 /* Debug */ = {
			isa = XCBuildConfiguration;
			buildSettings = {
				ALWAYS_SEARCH_USER_PATHS = NO;
				CLANG_ANALYZER_NONNULL = YES;
				CLANG_CXX_LANGUAGE_STANDARD = "gnu++0x";
				CLANG_CXX_LIBRARY = "libc++";
				CLANG_ENABLE_MODULES = YES;
				CLANG_ENABLE_OBJC_ARC = YES;
				CLANG_WARN_BOOL_CONVERSION = YES;
				CLANG_WARN_CONSTANT_CONVERSION = YES;
				CLANG_WARN_DIRECT_OBJC_ISA_USAGE = YES_ERROR;
				CLANG_WARN_DOCUMENTATION_COMMENTS = YES;
				CLANG_WARN_EMPTY_BODY = YES;
				CLANG_WARN_ENUM_CONVERSION = YES;
				CLANG_WARN_INFINITE_RECURSION = YES;
				CLANG_WARN_INT_CONVERSION = YES;
				CLANG_WARN_OBJC_ROOT_CLASS = YES_ERROR;
				CLANG_WARN_SUSPICIOUS_MOVES = YES;
				CLANG_WARN_UNREACHABLE_CODE = YES;
				CLANG_WARN__DUPLICATE_METHOD_MATCH = YES;
				"CODE_SIGN_IDENTITY[sdk=iphoneos*]" = "iPhone Developer";
				COPY_PHASE_STRIP = NO;
				DEBUG_INFORMATION_FORMAT = dwarf;
				ENABLE_STRICT_OBJC_MSGSEND = YES;
				ENABLE_TESTABILITY = YES;
				GCC_C_LANGUAGE_STANDARD = gnu99;
				GCC_DYNAMIC_NO_PIC = NO;
				GCC_NO_COMMON_BLOCKS = YES;
				GCC_OPTIMIZATION_LEVEL = 0;
				GCC_PREPROCESSOR_DEFINITIONS = (
					"DEBUG=1",
					"$(inherited)",
				);
				GCC_WARN_64_TO_32_BIT_CONVERSION = YES;
				GCC_WARN_ABOUT_RETURN_TYPE = YES_ERROR;
				GCC_WARN_UNDECLARED_SELECTOR = YES;
				GCC_WARN_UNINITIALIZED_AUTOS = YES_AGGRESSIVE;
				GCC_WARN_UNUSED_FUNCTION = YES;
				GCC_WARN_UNUSED_VARIABLE = YES;
				IPHONEOS_DEPLOYMENT_TARGET = 10.0;
				MTL_ENABLE_DEBUG_INFO = YES;
				ONLY_ACTIVE_ARCH = YES;
				SDKROOT = iphoneos;
			};
			name = Debug;
		};
		5A7AB3331DB8A9AE00A72399 /* Release */ = {
			isa = XCBuildConfiguration;
			buildSettings = {
				ALWAYS_SEARCH_USER_PATHS = NO;
				CLANG_ANALYZER_NONNULL = YES;
				CLANG_CXX_LANGUAGE_STANDARD = "gnu++0x";
				CLANG_CXX_LIBRARY = "libc++";
				CLANG_ENABLE_MODULES = YES;
				CLANG_ENABLE_OBJC_ARC = YES;
				CLANG_WARN_BOOL_CONVERSION = YES;
				CLANG_WARN_CONSTANT_CONVERSION = YES;
				CLANG_WARN_DIRECT_OBJC_ISA_USAGE = YES_ERROR;
				CLANG_WARN_DOCUMENTATION_COMMENTS = YES;
				CLANG_WARN_EMPTY_BODY = YES;
				CLANG_WARN_ENUM_CONVERSION = YES;
				CLANG_WARN_INFINITE_RECURSION = YES;
				CLANG_WARN_INT_CONVERSION = YES;
				CLANG_WARN_OBJC_ROOT_CLASS = YES_ERROR;
				CLANG_WARN_SUSPICIOUS_MOVES = YES;
				CLANG_WARN_UNREACHABLE_CODE = YES;
				CLANG_WARN__DUPLICATE_METHOD_MATCH = YES;
				"CODE_SIGN_IDENTITY[sdk=iphoneos*]" = "iPhone Developer";
				COPY_PHASE_STRIP = NO;
				DEBUG_INFORMATION_FORMAT = "dwarf-with-dsym";
				ENABLE_NS_ASSERTIONS = NO;
				ENABLE_STRICT_OBJC_MSGSEND = YES;
				GCC_C_LANGUAGE_STANDARD = gnu99;
				GCC_NO_COMMON_BLOCKS = YES;
				GCC_WARN_64_TO_32_BIT_CONVERSION = YES;
				GCC_WARN_ABOUT_RETURN_TYPE = YES_ERROR;
				GCC_WARN_UNDECLARED_SELECTOR = YES;
				GCC_WARN_UNINITIALIZED_AUTOS = YES_AGGRESSIVE;
				GCC_WARN_UNUSED_FUNCTION = YES;
				GCC_WARN_UNUSED_VARIABLE = YES;
				IPHONEOS_DEPLOYMENT_TARGET = 10.0;
				MTL_ENABLE_DEBUG_INFO = NO;
				SDKROOT = iphoneos;
				VALIDATE_PRODUCT = YES;
			};
			name = Release;
		};
		5A7AB3351DB8A9AE00A72399 /* Debug */ = {
			isa = XCBuildConfiguration;
			baseConfigurationReference = AFD958208DD47544C15D7AAA /* Pods-ZJFPhotoBrowser.debug.xcconfig */;
			buildSettings = {
				ASSETCATALOG_COMPILER_APPICON_NAME = AppIcon;
				INFOPLIST_FILE = ZJFPhotoBrowser/Info.plist;
				LD_RUNPATH_SEARCH_PATHS = "$(inherited) @executable_path/Frameworks";
				PRODUCT_BUNDLE_IDENTIFIER = com.zoujianfeng.ZJFPhotoBrowser;
				PRODUCT_NAME = "$(TARGET_NAME)";
			};
			name = Debug;
		};
		5A7AB3361DB8A9AE00A72399 /* Release */ = {
			isa = XCBuildConfiguration;
			baseConfigurationReference = F05C879A676DDA13BE01DC67 /* Pods-ZJFPhotoBrowser.release.xcconfig */;
			buildSettings = {
				ASSETCATALOG_COMPILER_APPICON_NAME = AppIcon;
				INFOPLIST_FILE = ZJFPhotoBrowser/Info.plist;
				LD_RUNPATH_SEARCH_PATHS = "$(inherited) @executable_path/Frameworks";
				PRODUCT_BUNDLE_IDENTIFIER = com.zoujianfeng.ZJFPhotoBrowser;
				PRODUCT_NAME = "$(TARGET_NAME)";
			};
			name = Release;
		};
/* End XCBuildConfiguration section */

/* Begin XCConfigurationList section */
		5A7AB3181DB8A9AE00A72399 /* Build configuration list for PBXProject "ZJFPhotoBrowser" */ = {
			isa = XCConfigurationList;
			buildConfigurations = (
				5A7AB3321DB8A9AE00A72399 /* Debug */,
				5A7AB3331DB8A9AE00A72399 /* Release */,
			);
			defaultConfigurationIsVisible = 0;
			defaultConfigurationName = Release;
		};
		5A7AB3341DB8A9AE00A72399 /* Build configuration list for PBXNativeTarget "ZJFPhotoBrowser" */ = {
			isa = XCConfigurationList;
			buildConfigurations = (
				5A7AB3351DB8A9AE00A72399 /* Debug */,
				5A7AB3361DB8A9AE00A72399 /* Release */,
			);
			defaultConfigurationIsVisible = 0;
			defaultConfigurationName = Release;
		};
/* End XCConfigurationList section */
	};
	rootObject = 5A7AB3151DB8A9AE00A72399 /* Project object */;
}
